// !$*UTF8*$!
{
	archiveVersion = 1;
	classes = {
	};
	objectVersion = 50;
	objects = {

/* Begin PBXFileReference section */
		04A500E02566CF98001B7653 /* Empty.html */ = {isa = PBXFileReference; lastKnownFileType = text.html; path = Empty.html; sourceTree = "<group>"; };
/* End PBXFileReference section */

/* Begin PBXGroup section */
		04A500D92566CF5A001B7653 = {
			isa = PBXGroup;
			children = (
				04A500E02566CF98001B7653 /* Empty.html */,
			);
			sourceTree = "<group>";
		};
/* End PBXGroup section */

/* Begin PBXProject section */
		04A500DA2566CF5A001B7653 /* Project object */ = {
			isa = PBXProject;
			attributes = {
				LastUpgradeCheck = 1200;
			};
			buildConfigurationList = 04A500DD2566CF5A001B7653 /* Build configuration list for PBXProject "idunno" */;
			compatibilityVersion = "Xcode 9.3";
			developmentRegion = en;
			hasScannedForEncodings = 0;
			knownRegions = (
				en,
				Base,
			);
			mainGroup = 04A500D92566CF5A001B7653;
			projectDirPath = "";
			projectRoot = "";
			targets = (
			);
		};
/* End PBXProject section */

/* Begin XCBuildConfiguration section */
		04A500DE2566CF5A001B7653 /* Debug */ = {
			isa = XCBuildConfiguration;
			buildSettings = {
			};
			name = Debug;
		};
		04A500DF2566CF5A001B7653 /* Release */ = {
			isa = XCBuildConfiguration;
			buildSettings = {
			};
			name = Release;
		};
/* End XCBuildConfiguration section */

/* Begin XCConfigurationList section */
		04A500DD2566CF5A001B7653 /* Build configuration list for PBXProject "idunno" */ = {
			isa = XCConfigurationList;
			buildConfigurations = (
				04A500DE2566CF5A001B7653 /* Debug */,
				04A500DF2566CF5A001B7653 /* Release */,
			);
			defaultConfigurationIsVisible = 0;
			defaultConfigurationName = Release;
		};
/* End XCConfigurationList section */
	};
	rootObject = 04A500DA2566CF5A001B7653 /* Project object */;
}
