// !$*UTF8*$!
{
	archiveVersion = 1;
	classes = {
	};
	objectVersion = 50;
	objects = {

/* Begin PBXFileReference section */
		04652B52255D95810039F919 /* test.html */ = {isa = PBXFileReference; lastKnownFileType = text.html; path = test.html; sourceTree = "<group>"; };
/* End PBXFileReference section */

/* Begin PBXGroup section */
		04652B4B255D95660039F919 = {
			isa = PBXGroup;
			children = (
				04652B52255D95810039F919 /* test.html */,
			);
			sourceTree = "<group>";
		};
/* End PBXGroup section */

/* Begin PBXProject section */
		04652B4C255D95660039F919 /* Project object */ = {
			isa = PBXProject;
			attributes = {
				LastUpgradeCheck = 1200;
			};
			buildConfigurationList = 04652B4F255D95660039F919 /* Build configuration list for PBXProject "test" */;
			compatibilityVersion = "Xcode 9.3";
			developmentRegion = en;
			hasScannedForEncodings = 0;
			knownRegions = (
				en,
				Base,
			);
			mainGroup = 04652B4B255D95660039F919;
			projectDirPath = "";
			projectRoot = "";
			targets = (
			);
		};
/* End PBXProject section */

/* Begin XCBuildConfiguration section */
		04652B50255D95660039F919 /* Debug */ = {
			isa = XCBuildConfiguration;
			buildSettings = {
			};
			name = Debug;
		};
		04652B51255D95660039F919 /* Release */ = {
			isa = XCBuildConfiguration;
			buildSettings = {
			};
			name = Release;
		};
/* End XCBuildConfiguration section */

/* Begin XCConfigurationList section */
		04652B4F255D95660039F919 /* Build configuration list for PBXProject "test" */ = {
			isa = XCConfigurationList;
			buildConfigurations = (
				04652B50255D95660039F919 /* Debug */,
				04652B51255D95660039F919 /* Release */,
			);
			defaultConfigurationIsVisible = 0;
			defaultConfigurationName = Release;
		};
/* End XCConfigurationList section */
	};
	rootObject = 04652B4C255D95660039F919 /* Project object */;
}
