// !$*UTF8*$!
{
	archiveVersion = 1;
	classes = {
	};
	objectVersion = 50;
	objects = {

/* Begin PBXFileReference section */
		040F753E254FD29300F2B4EE /* index.html */ = {isa = PBXFileReference; lastKnownFileType = text.html; name = index.html; path = ../../index.html; sourceTree = "<group>"; };
		040F753F254FDAB200F2B4EE /* style.css */ = {isa = PBXFileReference; lastKnownFileType = text.css; name = style.css; path = ../../css/style.css; sourceTree = "<group>"; };
		044E8F2C256E981300276604 /* contact.html */ = {isa = PBXFileReference; lastKnownFileType = text.html; name = contact.html; path = ../../contact.html; sourceTree = "<group>"; };
		049E0068257C7D3A0028825D /* fan.html */ = {isa = PBXFileReference; lastKnownFileType = text.html; name = fan.html; path = ../../fan.html; sourceTree = "<group>"; };
		049E006A257C7E530028825D /* other.html */ = {isa = PBXFileReference; lastKnownFileType = text.html; name = other.html; path = ../../other.html; sourceTree = "<group>"; };
		049E006B257C81030028825D /* contact.css */ = {isa = PBXFileReference; lastKnownFileType = text.css; name = contact.css; path = ../../css/contact.css; sourceTree = "<group>"; };
		049E006C25815AD40028825D /* year1.html */ = {isa = PBXFileReference; lastKnownFileType = text.html; name = year1.html; path = ../../year1.html; sourceTree = "<group>"; };
		049E006D25815B0D0028825D /* year2.html */ = {isa = PBXFileReference; lastKnownFileType = text.html; name = year2.html; path = ../../year2.html; sourceTree = "<group>"; };
		049E0077258282E50028825D /* gallery2.css */ = {isa = PBXFileReference; lastKnownFileType = text.css; name = gallery2.css; path = ../../css/gallery2.css; sourceTree = "<group>"; };
		049E00782582964D0028825D /* personal2.html */ = {isa = PBXFileReference; lastKnownFileType = text.html; name = personal2.html; path = ../../personal2.html; sourceTree = "<group>"; };
		04DDA48D25868E1F009ADDC3 /* class2.html */ = {isa = PBXFileReference; lastKnownFileType = text.html; name = class2.html; path = ../../class2.html; sourceTree = "<group>"; };
		04DDA48F258BBCB7009ADDC3 /* modelling.html */ = {isa = PBXFileReference; lastKnownFileType = text.html; name = modelling.html; path = ../../modelling.html; sourceTree = "<group>"; };
/* End PBXFileReference section */

/* Begin PBXGroup section */
		040F7537254FD27300F2B4EE = {
			isa = PBXGroup;
			children = (
				040F753E254FD29300F2B4EE /* index.html */,
				040F753F254FDAB200F2B4EE /* style.css */,
				049E00782582964D0028825D /* personal2.html */,
				049E0077258282E50028825D /* gallery2.css */,
				049E0068257C7D3A0028825D /* fan.html */,
				049E006A257C7E530028825D /* other.html */,
				04DDA48D25868E1F009ADDC3 /* class2.html */,
				049E006C25815AD40028825D /* year1.html */,
				049E006D25815B0D0028825D /* year2.html */,
				04DDA48F258BBCB7009ADDC3 /* modelling.html */,
				044E8F2C256E981300276604 /* contact.html */,
				049E006B257C81030028825D /* contact.css */,
			);
			sourceTree = "<group>";
		};
/* End PBXGroup section */

/* Begin PBXProject section */
		040F7538254FD27300F2B4EE /* Project object */ = {
			isa = PBXProject;
			attributes = {
				LastUpgradeCheck = 1200;
			};
			buildConfigurationList = 040F753B254FD27300F2B4EE /* Build configuration list for PBXProject "index" */;
			compatibilityVersion = "Xcode 9.3";
			developmentRegion = en;
			hasScannedForEncodings = 0;
			knownRegions = (
				en,
				Base,
			);
			mainGroup = 040F7537254FD27300F2B4EE;
			projectDirPath = "";
			projectRoot = "";
			targets = (
			);
		};
/* End PBXProject section */

/* Begin XCBuildConfiguration section */
		040F753C254FD27300F2B4EE /* Debug */ = {
			isa = XCBuildConfiguration;
			buildSettings = {
			};
			name = Debug;
		};
		040F753D254FD27300F2B4EE /* Release */ = {
			isa = XCBuildConfiguration;
			buildSettings = {
			};
			name = Release;
		};
/* End XCBuildConfiguration section */

/* Begin XCConfigurationList section */
		040F753B254FD27300F2B4EE /* Build configuration list for PBXProject "index" */ = {
			isa = XCConfigurationList;
			buildConfigurations = (
				040F753C254FD27300F2B4EE /* Debug */,
				040F753D254FD27300F2B4EE /* Release */,
			);
			defaultConfigurationIsVisible = 0;
			defaultConfigurationName = Release;
		};
/* End XCConfigurationList section */
	};
	rootObject = 040F7538254FD27300F2B4EE /* Project object */;
}
